// !$*UTF8*$!
{
	archiveVersion = 1;
	classes = {
	};
	objectVersion = 46;
	objects = {

/* Begin PBXBuildFile section */
		96B7CB251BE718B9007319BB /* main.m in Sources */ = {isa = PBXBuildFile; fileRef = 96B7CB241BE718B9007319BB /* main.m */; };
		96B7CB281BE718B9007319BB /* AppDelegate.m in Sources */ = {isa = PBXBuildFile; fileRef = 96B7CB271BE718B9007319BB /* AppDelegate.m */; };
		96B7CB2B1BE718B9007319BB /* ViewController.m in Sources */ = {isa = PBXBuildFile; fileRef = 96B7CB2A1BE718B9007319BB /* ViewController.m */; };
		96B7CB2E1BE718B9007319BB /* Main.storyboard in Resources */ = {isa = PBXBuildFile; fileRef = 96B7CB2C1BE718B9007319BB /* Main.storyboard */; };
		96B7CB301BE718B9007319BB /* Images.xcassets in Resources */ = {isa = PBXBuildFile; fileRef = 96B7CB2F1BE718B9007319BB /* Images.xcassets */; };
		96B7CB331BE718B9007319BB /* LaunchScreen.xib in Resources */ = {isa = PBXBuildFile; fileRef = 96B7CB311BE718B9007319BB /* LaunchScreen.xib */; };
		96B7CB3F1BE718B9007319BB /* ContactInformationTests.m in Sources */ = {isa = PBXBuildFile; fileRef = 96B7CB3E1BE718B9007319BB /* ContactInformationTests.m */; };
		96E788F61BE7256D0058CFA0 /* ContactInfo.m in Sources */ = {isa = PBXBuildFile; fileRef = 96E788F51BE7256D0058CFA0 /* ContactInfo.m */; };
/* End PBXBuildFile section */

/* Begin PBXContainerItemProxy section */
		96B7CB391BE718B9007319BB /* PBXContainerItemProxy */ = {
			isa = PBXContainerItemProxy;
			containerPortal = 96B7CB171BE718B9007319BB /* Project object */;
			proxyType = 1;
			remoteGlobalIDString = 96B7CB1E1BE718B9007319BB;
			remoteInfo = ContactInformation;
		};
/* End PBXContainerItemProxy section */

/* Begin PBXFileReference section */
		96B7CB1F1BE718B9007319BB /* ContactInformation.app */ = {isa = PBXFileReference; explicitFileType = wrapper.application; includeInIndex = 0; path = ContactInformation.app; sourceTree = BUILT_PRODUCTS_DIR; };
		96B7CB231BE718B9007319BB /* Info.plist */ = {isa = PBXFileReference; lastKnownFileType = text.plist.xml; path = Info.plist; sourceTree = "<group>"; };
		96B7CB241BE718B9007319BB /* main.m */ = {isa = PBXFileReference; lastKnownFileType = sourcecode.c.objc; path = main.m; sourceTree = "<group>"; };
		96B7CB261BE718B9007319BB /* AppDelegate.h */ = {isa = PBXFileReference; lastKnownFileType = sourcecode.c.h; path = AppDelegate.h; sourceTree = "<group>"; };
		96B7CB271BE718B9007319BB /* AppDelegate.m */ = {isa = PBXFileReference; lastKnownFileType = sourcecode.c.objc; path = AppDelegate.m; sourceTree = "<group>"; };
		96B7CB291BE718B9007319BB /* ViewController.h */ = {isa = PBXFileReference; lastKnownFileType = sourcecode.c.h; path = ViewController.h; sourceTree = "<group>"; };
		96B7CB2A1BE718B9007319BB /* ViewController.m */ = {isa = PBXFileReference; lastKnownFileType = sourcecode.c.objc; path = ViewController.m; sourceTree = "<group>"; };
		96B7CB2D1BE718B9007319BB /* Base */ = {isa = PBXFileReference; lastKnownFileType = file.storyboard; name = Base; path = Base.lproj/Main.storyboard; sourceTree = "<group>"; };
		96B7CB2F1BE718B9007319BB /* Images.xcassets */ = {isa = PBXFileReference; lastKnownFileType = folder.assetcatalog; path = Images.xcassets; sourceTree = "<group>"; };
		96B7CB321BE718B9007319BB /* Base */ = {isa = PBXFileReference; lastKnownFileType = file.xib; name = Base; path = Base.lproj/LaunchScreen.xib; sourceTree = "<group>"; };
		96B7CB381BE718B9007319BB /* ContactInformationTests.xctest */ = {isa = PBXFileReference; explicitFileType = wrapper.cfbundle; includeInIndex = 0; path = ContactInformationTests.xctest; sourceTree = BUILT_PRODUCTS_DIR; };
		96B7CB3D1BE718B9007319BB /* Info.plist */ = {isa = PBXFileReference; lastKnownFileType = text.plist.xml; path = Info.plist; sourceTree = "<group>"; };
		96B7CB3E1BE718B9007319BB /* ContactInformationTests.m */ = {isa = PBXFileReference; lastKnownFileType = sourcecode.c.objc; path = ContactInformationTests.m; sourceTree = "<group>"; };
		96E788F41BE724680058CFA0 /* ContactInfo.h */ = {isa = PBXFileReference; lastKnownFileType = sourcecode.c.h; path = ContactInfo.h; sourceTree = "<group>"; };
		96E788F51BE7256D0058CFA0 /* ContactInfo.m */ = {isa = PBXFileReference; fileEncoding = 4; lastKnownFileType = sourcecode.c.objc; path = ContactInfo.m; sourceTree = "<group>"; };
/* End PBXFileReference section */

/* Begin PBXFrameworksBuildPhase section */
		96B7CB1C1BE718B9007319BB /* Frameworks */ = {
			isa = PBXFrameworksBuildPhase;
			buildActionMask = 2147483647;
			files = (
			);
			runOnlyForDeploymentPostprocessing = 0;
		};
		96B7CB351BE718B9007319BB /* Frameworks */ = {
			isa = PBXFrameworksBuildPhase;
			buildActionMask = 2147483647;
			files = (
			);
			runOnlyForDeploymentPostprocessing = 0;
		};
/* End PBXFrameworksBuildPhase section */

/* Begin PBXGroup section */
		96B7CB161BE718B9007319BB = {
			isa = PBXGroup;
			children = (
				96B7CB211BE718B9007319BB /* ContactInformation */,
				96B7CB3B1BE718B9007319BB /* ContactInformationTests */,
				96B7CB201BE718B9007319BB /* Products */,
			);
			sourceTree = "<group>";
		};
		96B7CB201BE718B9007319BB /* Products */ = {
			isa = PBXGroup;
			children = (
				96B7CB1F1BE718B9007319BB /* ContactInformation.app */,
				96B7CB381BE718B9007319BB /* ContactInformationTests.xctest */,
			);
			name = Products;
			sourceTree = "<group>";
		};
		96B7CB211BE718B9007319BB /* ContactInformation */ = {
			isa = PBXGroup;
			children = (
				96B7CB261BE718B9007319BB /* AppDelegate.h */,
				96B7CB271BE718B9007319BB /* AppDelegate.m */,
				96B7CB291BE718B9007319BB /* ViewController.h */,
				96B7CB2A1BE718B9007319BB /* ViewController.m */,
				96E788F41BE724680058CFA0 /* ContactInfo.h */,
				96E788F51BE7256D0058CFA0 /* ContactInfo.m */,
				96B7CB2C1BE718B9007319BB /* Main.storyboard */,
				96B7CB2F1BE718B9007319BB /* Images.xcassets */,
				96B7CB311BE718B9007319BB /* LaunchScreen.xib */,
				96B7CB221BE718B9007319BB /* Supporting Files */,
			);
			path = ContactInformation;
			sourceTree = "<group>";
		};
		96B7CB221BE718B9007319BB /* Supporting Files */ = {
			isa = PBXGroup;
			children = (
				96B7CB231BE718B9007319BB /* Info.plist */,
				96B7CB241BE718B9007319BB /* main.m */,
			);
			name = "Supporting Files";
			sourceTree = "<group>";
		};
		96B7CB3B1BE718B9007319BB /* ContactInformationTests */ = {
			isa = PBXGroup;
			children = (
				96B7CB3E1BE718B9007319BB /* ContactInformationTests.m */,
				96B7CB3C1BE718B9007319BB /* Supporting Files */,
			);
			path = ContactInformationTests;
			sourceTree = "<group>";
		};
		96B7CB3C1BE718B9007319BB /* Supporting Files */ = {
			isa = PBXGroup;
			children = (
				96B7CB3D1BE718B9007319BB /* Info.plist */,
			);
			name = "Supporting Files";
			sourceTree = "<group>";
		};
/* End PBXGroup section */

/* Begin PBXNativeTarget section */
		96B7CB1E1BE718B9007319BB /* ContactInformation */ = {
			isa = PBXNativeTarget;
			buildConfigurationList = 96B7CB421BE718B9007319BB /* Build configuration list for PBXNativeTarget "ContactInformation" */;
			buildPhases = (
				96B7CB1B1BE718B9007319BB /* Sources */,
				96B7CB1C1BE718B9007319BB /* Frameworks */,
				96B7CB1D1BE718B9007319BB /* Resources */,
			);
			buildRules = (
			);
			dependencies = (
			);
			name = ContactInformation;
			productName = ContactInformation;
			productReference = 96B7CB1F1BE718B9007319BB /* ContactInformation.app */;
			productType = "com.apple.product-type.application";
		};
		96B7CB371BE718B9007319BB /* ContactInformationTests */ = {
			isa = PBXNativeTarget;
			buildConfigurationList = 96B7CB451BE718B9007319BB /* Build configuration list for PBXNativeTarget "ContactInformationTests" */;
			buildPhases = (
				96B7CB341BE718B9007319BB /* Sources */,
				96B7CB351BE718B9007319BB /* Frameworks */,
				96B7CB361BE718B9007319BB /* Resources */,
			);
			buildRules = (
			);
			dependencies = (
				96B7CB3A1BE718B9007319BB /* PBXTargetDependency */,
			);
			name = ContactInformationTests;
			productName = ContactInformationTests;
			productReference = 96B7CB381BE718B9007319BB /* ContactInformationTests.xctest */;
			productType = "com.apple.product-type.bundle.unit-test";
		};
/* End PBXNativeTarget section */

/* Begin PBXProject section */
		96B7CB171BE718B9007319BB /* Project object */ = {
			isa = PBXProject;
			attributes = {
				LastUpgradeCheck = 0640;
				ORGANIZATIONNAME = JasonAi;
				TargetAttributes = {
					96B7CB1E1BE718B9007319BB = {
						CreatedOnToolsVersion = 6.4;
					};
					96B7CB371BE718B9007319BB = {
						CreatedOnToolsVersion = 6.4;
						TestTargetID = 96B7CB1E1BE718B9007319BB;
					};
				};
			};
			buildConfigurationList = 96B7CB1A1BE718B9007319BB /* Build configuration list for PBXProject "ContactInformation" */;
			compatibilityVersion = "Xcode 3.2";
			developmentRegion = English;
			hasScannedForEncodings = 0;
			knownRegions = (
				en,
				Base,
			);
			mainGroup = 96B7CB161BE718B9007319BB;
			productRefGroup = 96B7CB201BE718B9007319BB /* Products */;
			projectDirPath = "";
			projectRoot = "";
			targets = (
				96B7CB1E1BE718B9007319BB /* ContactInformation */,
				96B7CB371BE718B9007319BB /* ContactInformationTests */,
			);
		};
/* End PBXProject section */

/* Begin PBXResourcesBuildPhase section */
		96B7CB1D1BE718B9007319BB /* Resources */ = {
			isa = PBXResourcesBuildPhase;
			buildActionMask = 2147483647;
			files = (
				96B7CB2E1BE718B9007319BB /* Main.storyboard in Resources */,
				96B7CB331BE718B9007319BB /* LaunchScreen.xib in Resources */,
				96B7CB301BE718B9007319BB /* Images.xcassets in Resources */,
			);
			runOnlyForDeploymentPostprocessing = 0;
		};
		96B7CB361BE718B9007319BB /* Resources */ = {
			isa = PBXResourcesBuildPhase;
			buildActionMask = 2147483647;
			files = (
			);
			runOnlyForDeploymentPostprocessing = 0;
		};
/* End PBXResourcesBuildPhase section */

/* Begin PBXSourcesBuildPhase section */
		96B7CB1B1BE718B9007319BB /* Sources */ = {
			isa = PBXSourcesBuildPhase;
			buildActionMask = 2147483647;
			files = (
				96E788F61BE7256D0058CFA0 /* ContactInfo.m in Sources */,
				96B7CB2B1BE718B9007319BB /* ViewController.m in Sources */,
				96B7CB281BE718B9007319BB /* AppDelegate.m in Sources */,
				96B7CB251BE718B9007319BB /* main.m in Sources */,
			);
			runOnlyForDeploymentPostprocessing = 0;
		};
		96B7CB341BE718B9007319BB /* Sources */ = {
			isa = PBXSourcesBuildPhase;
			buildActionMask = 2147483647;
			files = (
				96B7CB3F1BE718B9007319BB /* ContactInformationTests.m in Sources */,
			);
			runOnlyForDeploymentPostprocessing = 0;
		};
/* End PBXSourcesBuildPhase section */

/* Begin PBXTargetDependency section */
		96B7CB3A1BE718B9007319BB /* PBXTargetDependency */ = {
			isa = PBXTargetDependency;
			target = 96B7CB1E1BE718B9007319BB /* ContactInformation */;
			targetProxy = 96B7CB391BE718B9007319BB /* PBXContainerItemProxy */;
		};
/* End PBXTargetDependency section */

/* Begin PBXVariantGroup section */
		96B7CB2C1BE718B9007319BB /* Main.storyboard */ = {
			isa = PBXVariantGroup;
			children = (
				96B7CB2D1BE718B9007319BB /* Base */,
			);
			name = Main.storyboard;
			sourceTree = "<group>";
		};
		96B7CB311BE718B9007319BB /* LaunchScreen.xib */ = {
			isa = PBXVariantGroup;
			children = (
				96B7CB321BE718B9007319BB /* Base */,
			);
			name = LaunchScreen.xib;
			sourceTree = "<group>";
		};
/* End PBXVariantGroup section */

/* Begin XCBuildConfiguration section */
		96B7CB401BE718B9007319BB /* Debug */ = {
			isa = XCBuildConfiguration;
			buildSettings = {
				ALWAYS_SEARCH_USER_PATHS = NO;
				CLANG_CXX_LANGUAGE_STANDARD = "gnu++0x";
				CLANG_CXX_LIBRARY = "libc++";
				CLANG_ENABLE_MODULES = YES;
				CLANG_ENABLE_OBJC_ARC = YES;
				CLANG_WARN_BOOL_CONVERSION = YES;
				CLANG_WARN_CONSTANT_CONVERSION = YES;
				CLANG_WARN_DIRECT_OBJC_ISA_USAGE = YES_ERROR;
				CLANG_WARN_EMPTY_BODY = YES;
				CLANG_WARN_ENUM_CONVERSION = YES;
				CLANG_WARN_INT_CONVERSION = YES;
				CLANG_WARN_OBJC_ROOT_CLASS = YES_ERROR;
				CLANG_WARN_UNREACHABLE_CODE = YES;
				CLANG_WARN__DUPLICATE_METHOD_MATCH = YES;
				"CODE_SIGN_IDENTITY[sdk=iphoneos*]" = "iPhone Developer";
				COPY_PHASE_STRIP = NO;
				DEBUG_INFORMATION_FORMAT = "dwarf-with-dsym";
				ENABLE_STRICT_OBJC_MSGSEND = YES;
				GCC_C_LANGUAGE_STANDARD = gnu99;
				GCC_DYNAMIC_NO_PIC = NO;
				GCC_NO_COMMON_BLOCKS = YES;
				GCC_OPTIMIZATION_LEVEL = 0;
				GCC_PREPROCESSOR_DEFINITIONS = (
					"DEBUG=1",
					"$(inherited)",
				);
				GCC_SYMBOLS_PRIVATE_EXTERN = NO;
				GCC_WARN_64_TO_32_BIT_CONVERSION = YES;
				GCC_WARN_ABOUT_RETURN_TYPE = YES_ERROR;
				GCC_WARN_UNDECLARED_SELECTOR = YES;
				GCC_WARN_UNINITIALIZED_AUTOS = YES_AGGRESSIVE;
				GCC_WARN_UNUSED_FUNCTION = YES;
				GCC_WARN_UNUSED_VARIABLE = YES;
				IPHONEOS_DEPLOYMENT_TARGET = 8.4;
				MTL_ENABLE_DEBUG_INFO = YES;
				ONLY_ACTIVE_ARCH = YES;
				SDKROOT = iphoneos;
			};
			name = Debug;
		};
		96B7CB411BE718B9007319BB /* Release */ = {
			isa = XCBuildConfiguration;
			buildSettings = {
				ALWAYS_SEARCH_USER_PATHS = NO;
				CLANG_CXX_LANGUAGE_STANDARD = "gnu++0x";
				CLANG_CXX_LIBRARY = "libc++";
				CLANG_ENABLE_MODULES = YES;
				CLANG_ENABLE_OBJC_ARC = YES;
				CLANG_WARN_BOOL_CONVERSION = YES;
				CLANG_WARN_CONSTANT_CONVERSION = YES;
				CLANG_WARN_DIRECT_OBJC_ISA_USAGE = YES_ERROR;
				CLANG_WARN_EMPTY_BODY = YES;
				CLANG_WARN_ENUM_CONVERSION = YES;
				CLANG_WARN_INT_CONVERSION = YES;
				CLANG_WARN_OBJC_ROOT_CLASS = YES_ERROR;
				CLANG_WARN_UNREACHABLE_CODE = YES;
				CLANG_WARN__DUPLICATE_METHOD_MATCH = YES;
				"CODE_SIGN_IDENTITY[sdk=iphoneos*]" = "iPhone Developer";
				COPY_PHASE_STRIP = NO;
				DEBUG_INFORMATION_FORMAT = "dwarf-with-dsym";
				ENABLE_NS_ASSERTIONS = NO;
				ENABLE_STRICT_OBJC_MSGSEND = YES;
				GCC_C_LANGUAGE_STANDARD = gnu99;
				GCC_NO_COMMON_BLOCKS = YES;
				GCC_WARN_64_TO_32_BIT_CONVERSION = YES;
				GCC_WARN_ABOUT_RETURN_TYPE = YES_ERROR;
				GCC_WARN_UNDECLARED_SELECTOR = YES;
				GCC_WARN_UNINITIALIZED_AUTOS = YES_AGGRESSIVE;
				GCC_WARN_UNUSED_FUNCTION = YES;
				GCC_WARN_UNUSED_VARIABLE = YES;
				IPHONEOS_DEPLOYMENT_TARGET = 8.4;
				MTL_ENABLE_DEBUG_INFO = NO;
				SDKROOT = iphoneos;
				VALIDATE_PRODUCT = YES;
			};
			name = Release;
		};
		96B7CB431BE718B9007319BB /* Debug */ = {
			isa = XCBuildConfiguration;
			buildSettings = {
				ASSETCATALOG_COMPILER_APPICON_NAME = AppIcon;
				INFOPLIST_FILE = ContactInformation/Info.plist;
				LD_RUNPATH_SEARCH_PATHS = "$(inherited) @executable_path/Frameworks";
				PRODUCT_NAME = "$(TARGET_NAME)";
			};
			name = Debug;
		};
		96B7CB441BE718B9007319BB /* Release */ = {
			isa = XCBuildConfiguration;
			buildSettings = {
				ASSETCATALOG_COMPILER_APPICON_NAME = AppIcon;
				INFOPLIST_FILE = ContactInformation/Info.plist;
				LD_RUNPATH_SEARCH_PATHS = "$(inherited) @executable_path/Frameworks";
				PRODUCT_NAME = "$(TARGET_NAME)";
			};
			name = Release;
		};
		96B7CB461BE718B9007319BB /* Debug */ = {
			isa = XCBuildConfiguration;
			buildSettings = {
				BUNDLE_LOADER = "$(TEST_HOST)";
				FRAMEWORK_SEARCH_PATHS = (
					"$(SDKROOT)/Developer/Library/Frameworks",
					"$(inherited)",
				);
				GCC_PREPROCESSOR_DEFINITIONS = (
					"DEBUG=1",
					"$(inherited)",
				);
				INFOPLIST_FILE = ContactInformationTests/Info.plist;
				LD_RUNPATH_SEARCH_PATHS = "$(inherited) @executable_path/Frameworks @loader_path/Frameworks";
				PRODUCT_NAME = "$(TARGET_NAME)";
				TEST_HOST = "$(BUILT_PRODUCTS_DIR)/ContactInformation.app/ContactInformation";
			};
			name = Debug;
		};
		96B7CB471BE718B9007319BB /* Release */ = {
			isa = XCBuildConfiguration;
			buildSettings = {
				BUNDLE_LOADER = "$(TEST_HOST)";
				FRAMEWORK_SEARCH_PATHS = (
					"$(SDKROOT)/Developer/Library/Frameworks",
					"$(inherited)",
				);
				INFOPLIST_FILE = ContactInformationTests/Info.plist;
				LD_RUNPATH_SEARCH_PATHS = "$(inherited) @executable_path/Frameworks @loader_path/Frameworks";
				PRODUCT_NAME = "$(TARGET_NAME)";
				TEST_HOST = "$(BUILT_PRODUCTS_DIR)/ContactInformation.app/ContactInformation";
			};
			name = Release;
		};
/* End XCBuildConfiguration section */

/* Begin XCConfigurationList section */
		96B7CB1A1BE718B9007319BB /* Build configuration list for PBXProject "ContactInformation" */ = {
			isa = XCConfigurationList;
			buildConfigurations = (
				96B7CB401BE718B9007319BB /* Debug */,
				96B7CB411BE718B9007319BB /* Release */,
			);
			defaultConfigurationIsVisible = 0;
			defaultConfigurationName = Release;
		};
		96B7CB421BE718B9007319BB /* Build configuration list for PBXNativeTarget "ContactInformation" */ = {
			isa = XCConfigurationList;
			buildConfigurations = (
				96B7CB431BE718B9007319BB /* Debug */,
				96B7CB441BE718B9007319BB /* Release */,
			);
			defaultConfigurationIsVisible = 0;
			defaultConfigurationName = Release;
		};
		96B7CB451BE718B9007319BB /* Build configuration list for PBXNativeTarget "ContactInformationTests" */ = {
			isa = XCConfigurationList;
			buildConfigurations = (
				96B7CB461BE718B9007319BB /* Debug */,
				96B7CB471BE718B9007319BB /* Release */,
			);
			defaultConfigurationIsVisible = 0;
			defaultConfigurationName = Release;
		};
/* End XCConfigurationList section */
	};
	rootObject = 96B7CB171BE718B9007319BB /* Project object */;
}
